
Microsoft Visual Studio Solution File, Format Version 12.00
# Visual Studio Version 17
VisualStudioVersion = 17.4.33205.214
MinimumVisualStudioVersion = 10.0.40219.1
Project("{FAE04EC0-301F-11D3-BF4B-00C04F79EFBC}") = "ExcelTool", "ExcelTool\ExcelTool.csproj", "{24EB8B0D-464E-4613-9DB9-85EC39186A54}"
EndProject
Project("{FAE04EC0-301F-11D3-BF4B-00C04F79EFBC}") = "HIIUtils", "HIIUtils\HIIUtils.csproj", "{9853007C-B0A5-45A4-A3DF-E320178BCDA7}"
EndProject
Project("{FAE04EC0-301F-11D3-BF4B-00C04F79EFBC}") = "HIIControl", "HIIControl\HIIControl.csproj", "{425C1F7F-28E3-4604-A379-ECBE61E8599E}"
EndProject
Global
	GlobalSection(SolutionConfigurationPlatforms) = preSolution
		Debug|Any CPU = Debug|Any CPU
		Release|Any CPU = Release|Any CPU
	EndGlobalSection
	GlobalSection(ProjectConfigurationPlatforms) = postSolution
		{24EB8B0D-464E-4613-9DB9-85EC39186A54}.Debug|Any CPU.ActiveCfg = Debug|Any CPU
		{24EB8B0D-464E-4613-9DB9-85EC39186A54}.Debug|Any CPU.Build.0 = Debug|Any CPU
		{24EB8B0D-464E-4613-9DB9-85EC39186A54}.Release|Any CPU.ActiveCfg = Release|Any CPU
		{24EB8B0D-464E-4613-9DB9-85EC39186A54}.Release|Any CPU.Build.0 = Release|Any CPU
		{9853007C-B0A5-45A4-A3DF-E320178BCDA7}.Debug|Any CPU.ActiveCfg = Debug|Any CPU
		{9853007C-B0A5-45A4-A3DF-E320178BCDA7}.Debug|Any CPU.Build.0 = Debug|Any CPU
		{9853007C-B0A5-45A4-A3DF-E320178BCDA7}.Release|Any CPU.ActiveCfg = Release|Any CPU
		{9853007C-B0A5-45A4-A3DF-E320178BCDA7}.Release|Any CPU.Build.0 = Release|Any CPU
		{425C1F7F-28E3-4604-A379-ECBE61E8599E}.Debug|Any CPU.ActiveCfg = Debug|Any CPU
		{425C1F7F-28E3-4604-A379-ECBE61E8599E}.Debug|Any CPU.Build.0 = Debug|Any CPU
		{425C1F7F-28E3-4604-A379-ECBE61E8599E}.Release|Any CPU.ActiveCfg = Release|Any CPU
		{425C1F7F-28E3-4604-A379-ECBE61E8599E}.Release|Any CPU.Build.0 = Release|Any CPU
	EndGlobalSection
	GlobalSection(SolutionProperties) = preSolution
		HideSolutionNode = FALSE
	EndGlobalSection
	GlobalSection(ExtensibilityGlobals) = postSolution
		SolutionGuid = {6D6B64C3-5C7E-438A-8041-E01B128C6D4D}
	EndGlobalSection
EndGlobal
